
Microsoft Visual Studio Solution File, Format Version 12.00
# Visual Studio Version 16
VisualStudioVersion = 16.0.33423.256
MinimumVisualStudioVersion = 10.0.40219.1
Project("{F2A71F9B-5D33-465A-A702-920D77279786}") = "MvcMovie", "MvcMovie.fsproj", "{EA688F54-8061-4749-B57D-819C28A1E5F6}"
EndProject
Global
	GlobalSection(SolutionConfigurationPlatforms) = preSolution
		Debug|Any CPU = Debug|Any CPU
		Release|Any CPU = Release|Any CPU
	EndGlobalSection
	GlobalSection(ProjectConfigurationPlatforms) = postSolution
		{EA688F54-8061-4749-B57D-819C28A1E5F6}.Debug|Any CPU.ActiveCfg = Debug|Any CPU
		{EA688F54-8061-4749-B57D-819C28A1E5F6}.Debug|Any CPU.Build.0 = Debug|Any CPU
		{EA688F54-8061-4749-B57D-819C28A1E5F6}.Release|Any CPU.ActiveCfg = Release|Any CPU
		{EA688F54-8061-4749-B57D-819C28A1E5F6}.Release|Any CPU.Build.0 = Release|Any CPU
	EndGlobalSection
	GlobalSection(SolutionProperties) = preSolution
		HideSolutionNode = FALSE
	EndGlobalSection
	GlobalSection(ExtensibilityGlobals) = postSolution
		SolutionGuid = {84E72B36-63A1-4AF7-B2EE-4FBA1619E278}
	EndGlobalSection
EndGlobal
